// !$*UTF8*$!
{
	archiveVersion = 1;
	classes = {
	};
	objectVersion = 77;
	objects = {

/* Begin PBXBuildFile section */
		8F82538B2E8D398C007FD36D /* Listings in Frameworks */ = {isa = PBXBuildFile; productRef = 8F82538A2E8D398C007FD36D /* Listings */; };
		8F82538E2E8D3F5F007FD36D /* Networking in Frameworks */ = {isa = PBXBuildFile; productRef = 8F82538D2E8D3F5F007FD36D /* Networking */; };
		8F925BDC2E912832008AB693 /* Styleguide in Frameworks */ = {isa = PBXBuildFile; productRef = 8F925BDB2E912832008AB693 /* Styleguide */; };
/* End PBXBuildFile section */

/* Begin PBXContainerItemProxy section */
		8F82536A2E8D1332007FD36D /* PBXContainerItemProxy */ = {
			isa = PBXContainerItemProxy;
			containerPortal = 8F8253542E8D132D007FD36D /* Project object */;
			proxyType = 1;
			remoteGlobalIDString = 8F82535B2E8D132D007FD36D;
			remoteInfo = TrademeTest;
		};
		8F8253742E8D1332007FD36D /* PBXContainerItemProxy */ = {
			isa = PBXContainerItemProxy;
			containerPortal = 8F8253542E8D132D007FD36D /* Project object */;
			proxyType = 1;
			remoteGlobalIDString = 8F82535B2E8D132D007FD36D;
			remoteInfo = TrademeTest;
		};
/* End PBXContainerItemProxy section */

/* Begin PBXFileReference section */
		8F82535C2E8D132D007FD36D /* TrademeTest.app */ = {isa = PBXFileReference; explicitFileType = wrapper.application; includeInIndex = 0; path = TrademeTest.app; sourceTree = BUILT_PRODUCTS_DIR; };
		8F8253692E8D1332007FD36D /* TrademeTestTests.xctest */ = {isa = PBXFileReference; explicitFileType = wrapper.cfbundle; includeInIndex = 0; path = TrademeTestTests.xctest; sourceTree = BUILT_PRODUCTS_DIR; };
		8F8253732E8D1332007FD36D /* TrademeTestUITests.xctest */ = {isa = PBXFileReference; explicitFileType = wrapper.cfbundle; includeInIndex = 0; path = TrademeTestUITests.xctest; sourceTree = BUILT_PRODUCTS_DIR; };
		8F925BDD2E9142B1008AB693 /* Listings.xctestplan */ = {isa = PBXFileReference; lastKnownFileType = text; path = Listings.xctestplan; sourceTree = "<group>"; };
/* End PBXFileReference section */

/* Begin PBXFileSystemSynchronizedBuildFileExceptionSet section */
		8F8253882E8D38AC007FD36D /* Exceptions for "TrademeTest" folder in "TrademeTest" target */ = {
			isa = PBXFileSystemSynchronizedBuildFileExceptionSet;
			membershipExceptions = (
				Listings,
				Networking,
				Styleguide,
			);
			target = 8F82535B2E8D132D007FD36D /* TrademeTest */;
		};
/* End PBXFileSystemSynchronizedBuildFileExceptionSet section */

/* Begin PBXFileSystemSynchronizedRootGroup section */
		8F82535E2E8D132D007FD36D /* TrademeTest */ = {
			isa = PBXFileSystemSynchronizedRootGroup;
			exceptions = (
				8F8253882E8D38AC007FD36D /* Exceptions for "TrademeTest" folder in "TrademeTest" target */,
			);
			path = TrademeTest;
			sourceTree = "<group>";
		};
		8F82536C2E8D1332007FD36D /* TrademeTestTests */ = {
			isa = PBXFileSystemSynchronizedRootGroup;
			path = TrademeTestTests;
			sourceTree = "<group>";
		};
		8F8253762E8D1332007FD36D /* TrademeTestUITests */ = {
			isa = PBXFileSystemSynchronizedRootGroup;
			path = TrademeTestUITests;
			sourceTree = "<group>";
		};
/* End PBXFileSystemSynchronizedRootGroup section */

/* Begin PBXFrameworksBuildPhase section */
		8F8253592E8D132D007FD36D /* Frameworks */ = {
			isa = PBXFrameworksBuildPhase;
			buildActionMask = 2147483647;
			files = (
				8F82538E2E8D3F5F007FD36D /* Networking in Frameworks */,
				8F925BDC2E912832008AB693 /* Styleguide in Frameworks */,
				8F82538B2E8D398C007FD36D /* Listings in Frameworks */,
			);
			runOnlyForDeploymentPostprocessing = 0;
		};
		8F8253662E8D1332007FD36D /* Frameworks */ = {
			isa = PBXFrameworksBuildPhase;
			buildActionMask = 2147483647;
			files = (
			);
			runOnlyForDeploymentPostprocessing = 0;
		};
		8F8253702E8D1332007FD36D /* Frameworks */ = {
			isa = PBXFrameworksBuildPhase;
			buildActionMask = 2147483647;
			files = (
			);
			runOnlyForDeploymentPostprocessing = 0;
		};
/* End PBXFrameworksBuildPhase section */

/* Begin PBXGroup section */
		8F8253532E8D132D007FD36D = {
			isa = PBXGroup;
			children = (
				8F925BDD2E9142B1008AB693 /* Listings.xctestplan */,
				8F82535E2E8D132D007FD36D /* TrademeTest */,
				8F82536C2E8D1332007FD36D /* TrademeTestTests */,
				8F8253762E8D1332007FD36D /* TrademeTestUITests */,
				8F8253892E8D398C007FD36D /* Frameworks */,
				8F82535D2E8D132D007FD36D /* Products */,
			);
			sourceTree = "<group>";
		};
		8F82535D2E8D132D007FD36D /* Products */ = {
			isa = PBXGroup;
			children = (
				8F82535C2E8D132D007FD36D /* TrademeTest.app */,
				8F8253692E8D1332007FD36D /* TrademeTestTests.xctest */,
				8F8253732E8D1332007FD36D /* TrademeTestUITests.xctest */,
			);
			name = Products;
			sourceTree = "<group>";
		};
		8F8253892E8D398C007FD36D /* Frameworks */ = {
			isa = PBXGroup;
			children = (
			);
			name = Frameworks;
			sourceTree = "<group>";
		};
/* End PBXGroup section */

/* Begin PBXNativeTarget section */
		8F82535B2E8D132D007FD36D /* TrademeTest */ = {
			isa = PBXNativeTarget;
			buildConfigurationList = 8F82537D2E8D1332007FD36D /* Build configuration list for PBXNativeTarget "TrademeTest" */;
			buildPhases = (
				8F8253582E8D132D007FD36D /* Sources */,
				8F8253592E8D132D007FD36D /* Frameworks */,
				8F82535A2E8D132D007FD36D /* Resources */,
			);
			buildRules = (
			);
			dependencies = (
			);
			fileSystemSynchronizedGroups = (
				8F82535E2E8D132D007FD36D /* TrademeTest */,
			);
			name = TrademeTest;
			packageProductDependencies = (
				8F82538A2E8D398C007FD36D /* Listings */,
				8F82538D2E8D3F5F007FD36D /* Networking */,
				8F925BDB2E912832008AB693 /* Styleguide */,
			);
			productName = TrademeTest;
			productReference = 8F82535C2E8D132D007FD36D /* TrademeTest.app */;
			productType = "com.apple.product-type.application";
		};
		8F8253682E8D1332007FD36D /* TrademeTestTests */ = {
			isa = PBXNativeTarget;
			buildConfigurationList = 8F8253802E8D1332007FD36D /* Build configuration list for PBXNativeTarget "TrademeTestTests" */;
			buildPhases = (
				8F8253652E8D1332007FD36D /* Sources */,
				8F8253662E8D1332007FD36D /* Frameworks */,
				8F8253672E8D1332007FD36D /* Resources */,
			);
			buildRules = (
			);
			dependencies = (
				8F82536B2E8D1332007FD36D /* PBXTargetDependency */,
			);
			fileSystemSynchronizedGroups = (
				8F82536C2E8D1332007FD36D /* TrademeTestTests */,
			);
			name = TrademeTestTests;
			packageProductDependencies = (
			);
			productName = TrademeTestTests;
			productReference = 8F8253692E8D1332007FD36D /* TrademeTestTests.xctest */;
			productType = "com.apple.product-type.bundle.unit-test";
		};
		8F8253722E8D1332007FD36D /* TrademeTestUITests */ = {
			isa = PBXNativeTarget;
			buildConfigurationList = 8F8253832E8D1332007FD36D /* Build configuration list for PBXNativeTarget "TrademeTestUITests" */;
			buildPhases = (
				8F82536F2E8D1332007FD36D /* Sources */,
				8F8253702E8D1332007FD36D /* Frameworks */,
				8F8253712E8D1332007FD36D /* Resources */,
			);
			buildRules = (
			);
			dependencies = (
				8F8253752E8D1332007FD36D /* PBXTargetDependency */,
			);
			fileSystemSynchronizedGroups = (
				8F8253762E8D1332007FD36D /* TrademeTestUITests */,
			);
			name = TrademeTestUITests;
			packageProductDependencies = (
			);
			productName = TrademeTestUITests;
			productReference = 8F8253732E8D1332007FD36D /* TrademeTestUITests.xctest */;
			productType = "com.apple.product-type.bundle.ui-testing";
		};
/* End PBXNativeTarget section */

/* Begin PBXProject section */
		8F8253542E8D132D007FD36D /* Project object */ = {
			isa = PBXProject;
			attributes = {
				BuildIndependentTargetsInParallel = 1;
				LastSwiftUpdateCheck = 2600;
				LastUpgradeCheck = 2600;
				TargetAttributes = {
					8F82535B2E8D132D007FD36D = {
						CreatedOnToolsVersion = 26.0.1;
					};
					8F8253682E8D1332007FD36D = {
						CreatedOnToolsVersion = 26.0.1;
						TestTargetID = 8F82535B2E8D132D007FD36D;
					};
					8F8253722E8D1332007FD36D = {
						CreatedOnToolsVersion = 26.0.1;
						TestTargetID = 8F82535B2E8D132D007FD36D;
					};
				};
			};
			buildConfigurationList = 8F8253572E8D132D007FD36D /* Build configuration list for PBXProject "TrademeTest" */;
			developmentRegion = en;
			hasScannedForEncodings = 0;
			knownRegions = (
				en,
				Base,
			);
			mainGroup = 8F8253532E8D132D007FD36D;
			minimizedProjectReferenceProxies = 1;
			preferredProjectObjectVersion = 77;
			productRefGroup = 8F82535D2E8D132D007FD36D /* Products */;
			projectDirPath = "";
			projectRoot = "";
			targets = (
				8F82535B2E8D132D007FD36D /* TrademeTest */,
				8F8253682E8D1332007FD36D /* TrademeTestTests */,
				8F8253722E8D1332007FD36D /* TrademeTestUITests */,
			);
		};
/* End PBXProject section */

/* Begin PBXResourcesBuildPhase section */
		8F82535A2E8D132D007FD36D /* Resources */ = {
			isa = PBXResourcesBuildPhase;
			buildActionMask = 2147483647;
			files = (
			);
			runOnlyForDeploymentPostprocessing = 0;
		};
		8F8253672E8D1332007FD36D /* Resources */ = {
			isa = PBXResourcesBuildPhase;
			buildActionMask = 2147483647;
			files = (
			);
			runOnlyForDeploymentPostprocessing = 0;
		};
		8F8253712E8D1332007FD36D /* Resources */ = {
			isa = PBXResourcesBuildPhase;
			buildActionMask = 2147483647;
			files = (
			);
			runOnlyForDeploymentPostprocessing = 0;
		};
/* End PBXResourcesBuildPhase section */

/* Begin PBXSourcesBuildPhase section */
		8F8253582E8D132D007FD36D /* Sources */ = {
			isa = PBXSourcesBuildPhase;
			buildActionMask = 2147483647;
			files = (
			);
			runOnlyForDeploymentPostprocessing = 0;
		};
		8F8253652E8D1332007FD36D /* Sources */ = {
			isa = PBXSourcesBuildPhase;
			buildActionMask = 2147483647;
			files = (
			);
			runOnlyForDeploymentPostprocessing = 0;
		};
		8F82536F2E8D1332007FD36D /* Sources */ = {
			isa = PBXSourcesBuildPhase;
			buildActionMask = 2147483647;
			files = (
			);
			runOnlyForDeploymentPostprocessing = 0;
		};
/* End PBXSourcesBuildPhase section */

/* Begin PBXTargetDependency section */
		8F82536B2E8D1332007FD36D /* PBXTargetDependency */ = {
			isa = PBXTargetDependency;
			target = 8F82535B2E8D132D007FD36D /* TrademeTest */;
			targetProxy = 8F82536A2E8D1332007FD36D /* PBXContainerItemProxy */;
		};
		8F8253752E8D1332007FD36D /* PBXTargetDependency */ = {
			isa = PBXTargetDependency;
			target = 8F82535B2E8D132D007FD36D /* TrademeTest */;
			targetProxy = 8F8253742E8D1332007FD36D /* PBXContainerItemProxy */;
		};
/* End PBXTargetDependency section */

/* Begin XCBuildConfiguration section */
		8F82537B2E8D1332007FD36D /* Debug */ = {
			isa = XCBuildConfiguration;
			buildSettings = {
				ALWAYS_SEARCH_USER_PATHS = NO;
				ASSETCATALOG_COMPILER_GENERATE_SWIFT_ASSET_SYMBOL_EXTENSIONS = YES;
				CLANG_ANALYZER_NONNULL = YES;
				CLANG_ANALYZER_NUMBER_OBJECT_CONVERSION = YES_AGGRESSIVE;
				CLANG_CXX_LANGUAGE_STANDARD = "gnu++20";
				CLANG_ENABLE_MODULES = YES;
				CLANG_ENABLE_OBJC_ARC = YES;
				CLANG_ENABLE_OBJC_WEAK = YES;
				CLANG_WARN_BLOCK_CAPTURE_AUTORELEASING = YES;
				CLANG_WARN_BOOL_CONVERSION = YES;
				CLANG_WARN_COMMA = YES;
				CLANG_WARN_CONSTANT_CONVERSION = YES;
				CLANG_WARN_DEPRECATED_OBJC_IMPLEMENTATIONS = YES;
				CLANG_WARN_DIRECT_OBJC_ISA_USAGE = YES_ERROR;
				CLANG_WARN_DOCUMENTATION_COMMENTS = YES;
				CLANG_WARN_EMPTY_BODY = YES;
				CLANG_WARN_ENUM_CONVERSION = YES;
				CLANG_WARN_INFINITE_RECURSION = YES;
				CLANG_WARN_INT_CONVERSION = YES;
				CLANG_WARN_NON_LITERAL_NULL_CONVERSION = YES;
				CLANG_WARN_OBJC_IMPLICIT_RETAIN_SELF = YES;
				CLANG_WARN_OBJC_LITERAL_CONVERSION = YES;
				CLANG_WARN_OBJC_ROOT_CLASS = YES_ERROR;
				CLANG_WARN_QUOTED_INCLUDE_IN_FRAMEWORK_HEADER = YES;
				CLANG_WARN_RANGE_LOOP_ANALYSIS = YES;
				CLANG_WARN_STRICT_PROTOTYPES = YES;
				CLANG_WARN_SUSPICIOUS_MOVE = YES;
				CLANG_WARN_UNGUARDED_AVAILABILITY = YES_AGGRESSIVE;
				CLANG_WARN_UNREACHABLE_CODE = YES;
				CLANG_WARN__DUPLICATE_METHOD_MATCH = YES;
				COPY_PHASE_STRIP = NO;
				DEBUG_INFORMATION_FORMAT = dwarf;
				ENABLE_STRICT_OBJC_MSGSEND = YES;
				ENABLE_TESTABILITY = YES;
				ENABLE_USER_SCRIPT_SANDBOXING = YES;
				GCC_C_LANGUAGE_STANDARD = gnu17;
				GCC_DYNAMIC_NO_PIC = NO;
				GCC_NO_COMMON_BLOCKS = YES;
				GCC_OPTIMIZATION_LEVEL = 0;
				GCC_PREPROCESSOR_DEFINITIONS = (
					"DEBUG=1",
					"$(inherited)",
				);
				GCC_WARN_64_TO_32_BIT_CONVERSION = YES;
				GCC_WARN_ABOUT_RETURN_TYPE = YES_ERROR;
				GCC_WARN_UNDECLARED_SELECTOR = YES;
				GCC_WARN_UNINITIALIZED_AUTOS = YES_AGGRESSIVE;
				GCC_WARN_UNUSED_FUNCTION = YES;
				GCC_WARN_UNUSED_VARIABLE = YES;
				IPHONEOS_DEPLOYMENT_TARGET = 26.0;
				LOCALIZATION_PREFERS_STRING_CATALOGS = YES;
				MTL_ENABLE_DEBUG_INFO = INCLUDE_SOURCE;
				MTL_FAST_MATH = YES;
				ONLY_ACTIVE_ARCH = YES;
				SDKROOT = iphoneos;
				SWIFT_ACTIVE_COMPILATION_CONDITIONS = "DEBUG $(inherited)";
				SWIFT_OPTIMIZATION_LEVEL = "-Onone";
			};
			name = Debug;
		};
		8F82537C2E8D1332007FD36D /* Release */ = {
			isa = XCBuildConfiguration;
			buildSettings = {
				ALWAYS_SEARCH_USER_PATHS = NO;
				ASSETCATALOG_COMPILER_GENERATE_SWIFT_ASSET_SYMBOL_EXTENSIONS = YES;
				CLANG_ANALYZER_NONNULL = YES;
				CLANG_ANALYZER_NUMBER_OBJECT_CONVERSION = YES_AGGRESSIVE;
				CLANG_CXX_LANGUAGE_STANDARD = "gnu++20";
				CLANG_ENABLE_MODULES = YES;
				CLANG_ENABLE_OBJC_ARC = YES;
				CLANG_ENABLE_OBJC_WEAK = YES;
				CLANG_WARN_BLOCK_CAPTURE_AUTORELEASING = YES;
				CLANG_WARN_BOOL_CONVERSION = YES;
				CLANG_WARN_COMMA = YES;
				CLANG_WARN_CONSTANT_CONVERSION = YES;
				CLANG_WARN_DEPRECATED_OBJC_IMPLEMENTATIONS = YES;
				CLANG_WARN_DIRECT_OBJC_ISA_USAGE = YES_ERROR;
				CLANG_WARN_DOCUMENTATION_COMMENTS = YES;
				CLANG_WARN_EMPTY_BODY = YES;
				CLANG_WARN_ENUM_CONVERSION = YES;
				CLANG_WARN_INFINITE_RECURSION = YES;
				CLANG_WARN_INT_CONVERSION = YES;
				CLANG_WARN_NON_LITERAL_NULL_CONVERSION = YES;
				CLANG_WARN_OBJC_IMPLICIT_RETAIN_SELF = YES;
				CLANG_WARN_OBJC_LITERAL_CONVERSION = YES;
				CLANG_WARN_OBJC_ROOT_CLASS = YES_ERROR;
				CLANG_WARN_QUOTED_INCLUDE_IN_FRAMEWORK_HEADER = YES;
				CLANG_WARN_RANGE_LOOP_ANALYSIS = YES;
				CLANG_WARN_STRICT_PROTOTYPES = YES;
				CLANG_WARN_SUSPICIOUS_MOVE = YES;
				CLANG_WARN_UNGUARDED_AVAILABILITY = YES_AGGRESSIVE;
				CLANG_WARN_UNREACHABLE_CODE = YES;
				CLANG_WARN__DUPLICATE_METHOD_MATCH = YES;
				COPY_PHASE_STRIP = NO;
				DEBUG_INFORMATION_FORMAT = "dwarf-with-dsym";
				ENABLE_NS_ASSERTIONS = NO;
				ENABLE_STRICT_OBJC_MSGSEND = YES;
				ENABLE_USER_SCRIPT_SANDBOXING = YES;
				GCC_C_LANGUAGE_STANDARD = gnu17;
				GCC_NO_COMMON_BLOCKS = YES;
				GCC_WARN_64_TO_32_BIT_CONVERSION = YES;
				GCC_WARN_ABOUT_RETURN_TYPE = YES_ERROR;
				GCC_WARN_UNDECLARED_SELECTOR = YES;
				GCC_WARN_UNINITIALIZED_AUTOS = YES_AGGRESSIVE;
				GCC_WARN_UNUSED_FUNCTION = YES;
				GCC_WARN_UNUSED_VARIABLE = YES;
				IPHONEOS_DEPLOYMENT_TARGET = 26.0;
				LOCALIZATION_PREFERS_STRING_CATALOGS = YES;
				MTL_ENABLE_DEBUG_INFO = NO;
				MTL_FAST_MATH = YES;
				SDKROOT = iphoneos;
				SWIFT_COMPILATION_MODE = wholemodule;
				VALIDATE_PRODUCT = YES;
			};
			name = Release;
		};
		8F82537E2E8D1332007FD36D /* Debug */ = {
			isa = XCBuildConfiguration;
			buildSettings = {
				ASSETCATALOG_COMPILER_APPICON_NAME = AppIcon;
				ASSETCATALOG_COMPILER_GLOBAL_ACCENT_COLOR_NAME = AccentColor;
				CODE_SIGN_STYLE = Automatic;
				CURRENT_PROJECT_VERSION = 1;
				ENABLE_PREVIEWS = YES;
				GENERATE_INFOPLIST_FILE = YES;
				INFOPLIST_KEY_UIApplicationSceneManifest_Generation = YES;
				INFOPLIST_KEY_UIApplicationSupportsIndirectInputEvents = YES;
				INFOPLIST_KEY_UILaunchScreen_Generation = YES;
				INFOPLIST_KEY_UISupportedInterfaceOrientations_iPad = "UIInterfaceOrientationPortrait UIInterfaceOrientationPortraitUpsideDown UIInterfaceOrientationLandscapeLeft UIInterfaceOrientationLandscapeRight";
				INFOPLIST_KEY_UISupportedInterfaceOrientations_iPhone = "UIInterfaceOrientationPortrait UIInterfaceOrientationLandscapeLeft UIInterfaceOrientationLandscapeRight";
				LD_RUNPATH_SEARCH_PATHS = (
					"$(inherited)",
					"@executable_path/Frameworks",
				);
				MARKETING_VERSION = 1.0;
				PRODUCT_BUNDLE_IDENTIFIER = test.TrademeTest;
				PRODUCT_NAME = "$(TARGET_NAME)";
				STRING_CATALOG_GENERATE_SYMBOLS = YES;
				SWIFT_APPROACHABLE_CONCURRENCY = YES;
				SWIFT_DEFAULT_ACTOR_ISOLATION = MainActor;
				SWIFT_EMIT_LOC_STRINGS = YES;
				SWIFT_UPCOMING_FEATURE_MEMBER_IMPORT_VISIBILITY = YES;
				SWIFT_VERSION = 5.0;
				TARGETED_DEVICE_FAMILY = "1,2";
			};
			name = Debug;
		};
		8F82537F2E8D1332007FD36D /* Release */ = {
			isa = XCBuildConfiguration;
			buildSettings = {
				ASSETCATALOG_COMPILER_APPICON_NAME = AppIcon;
				ASSETCATALOG_COMPILER_GLOBAL_ACCENT_COLOR_NAME = AccentColor;
				CODE_SIGN_STYLE = Automatic;
				CURRENT_PROJECT_VERSION = 1;
				ENABLE_PREVIEWS = YES;
				GENERATE_INFOPLIST_FILE = YES;
				INFOPLIST_KEY_UIApplicationSceneManifest_Generation = YES;
				INFOPLIST_KEY_UIApplicationSupportsIndirectInputEvents = YES;
				INFOPLIST_KEY_UILaunchScreen_Generation = YES;
				INFOPLIST_KEY_UISupportedInterfaceOrientations_iPad = "UIInterfaceOrientationPortrait UIInterfaceOrientationPortraitUpsideDown UIInterfaceOrientationLandscapeLeft UIInterfaceOrientationLandscapeRight";
				INFOPLIST_KEY_UISupportedInterfaceOrientations_iPhone = "UIInterfaceOrientationPortrait UIInterfaceOrientationLandscapeLeft UIInterfaceOrientationLandscapeRight";
				LD_RUNPATH_SEARCH_PATHS = (
					"$(inherited)",
					"@executable_path/Frameworks",
				);
				MARKETING_VERSION = 1.0;
				PRODUCT_BUNDLE_IDENTIFIER = test.TrademeTest;
				PRODUCT_NAME = "$(TARGET_NAME)";
				STRING_CATALOG_GENERATE_SYMBOLS = YES;
				SWIFT_APPROACHABLE_CONCURRENCY = YES;
				SWIFT_DEFAULT_ACTOR_ISOLATION = MainActor;
				SWIFT_EMIT_LOC_STRINGS = YES;
				SWIFT_UPCOMING_FEATURE_MEMBER_IMPORT_VISIBILITY = YES;
				SWIFT_VERSION = 5.0;
				TARGETED_DEVICE_FAMILY = "1,2";
			};
			name = Release;
		};
		8F8253812E8D1332007FD36D /* Debug */ = {
			isa = XCBuildConfiguration;
			buildSettings = {
				BUNDLE_LOADER = "$(TEST_HOST)";
				CODE_SIGN_STYLE = Automatic;
				CURRENT_PROJECT_VERSION = 1;
				GENERATE_INFOPLIST_FILE = YES;
				IPHONEOS_DEPLOYMENT_TARGET = 26.0;
				MARKETING_VERSION = 1.0;
				PRODUCT_BUNDLE_IDENTIFIER = test.TrademeTestTests;
				PRODUCT_NAME = "$(TARGET_NAME)";
				STRING_CATALOG_GENERATE_SYMBOLS = NO;
				SWIFT_APPROACHABLE_CONCURRENCY = YES;
				SWIFT_EMIT_LOC_STRINGS = NO;
				SWIFT_UPCOMING_FEATURE_MEMBER_IMPORT_VISIBILITY = YES;
				SWIFT_VERSION = 5.0;
				TARGETED_DEVICE_FAMILY = "1,2";
				TEST_HOST = "$(BUILT_PRODUCTS_DIR)/TrademeTest.app/$(BUNDLE_EXECUTABLE_FOLDER_PATH)/TrademeTest";
			};
			name = Debug;
		};
		8F8253822E8D1332007FD36D /* Release */ = {
			isa = XCBuildConfiguration;
			buildSettings = {
				BUNDLE_LOADER = "$(TEST_HOST)";
				CODE_SIGN_STYLE = Automatic;
				CURRENT_PROJECT_VERSION = 1;
				GENERATE_INFOPLIST_FILE = YES;
				IPHONEOS_DEPLOYMENT_TARGET = 26.0;
				MARKETING_VERSION = 1.0;
				PRODUCT_BUNDLE_IDENTIFIER = test.TrademeTestTests;
				PRODUCT_NAME = "$(TARGET_NAME)";
				STRING_CATALOG_GENERATE_SYMBOLS = NO;
				SWIFT_APPROACHABLE_CONCURRENCY = YES;
				SWIFT_EMIT_LOC_STRINGS = NO;
				SWIFT_UPCOMING_FEATURE_MEMBER_IMPORT_VISIBILITY = YES;
				SWIFT_VERSION = 5.0;
				TARGETED_DEVICE_FAMILY = "1,2";
				TEST_HOST = "$(BUILT_PRODUCTS_DIR)/TrademeTest.app/$(BUNDLE_EXECUTABLE_FOLDER_PATH)/TrademeTest";
			};
			name = Release;
		};
		8F8253842E8D1332007FD36D /* Debug */ = {
			isa = XCBuildConfiguration;
			buildSettings = {
				CODE_SIGN_STYLE = Automatic;
				CURRENT_PROJECT_VERSION = 1;
				GENERATE_INFOPLIST_FILE = YES;
				MARKETING_VERSION = 1.0;
				PRODUCT_BUNDLE_IDENTIFIER = test.TrademeTestUITests;
				PRODUCT_NAME = "$(TARGET_NAME)";
				STRING_CATALOG_GENERATE_SYMBOLS = NO;
				SWIFT_APPROACHABLE_CONCURRENCY = YES;
				SWIFT_EMIT_LOC_STRINGS = NO;
				SWIFT_UPCOMING_FEATURE_MEMBER_IMPORT_VISIBILITY = YES;
				SWIFT_VERSION = 5.0;
				TARGETED_DEVICE_FAMILY = "1,2";
				TEST_TARGET_NAME = TrademeTest;
			};
			name = Debug;
		};
		8F8253852E8D1332007FD36D /* Release */ = {
			isa = XCBuildConfiguration;
			buildSettings = {
				CODE_SIGN_STYLE = Automatic;
				CURRENT_PROJECT_VERSION = 1;
				GENERATE_INFOPLIST_FILE = YES;
				MARKETING_VERSION = 1.0;
				PRODUCT_BUNDLE_IDENTIFIER = test.TrademeTestUITests;
				PRODUCT_NAME = "$(TARGET_NAME)";
				STRING_CATALOG_GENERATE_SYMBOLS = NO;
				SWIFT_APPROACHABLE_CONCURRENCY = YES;
				SWIFT_EMIT_LOC_STRINGS = NO;
				SWIFT_UPCOMING_FEATURE_MEMBER_IMPORT_VISIBILITY = YES;
				SWIFT_VERSION = 5.0;
				TARGETED_DEVICE_FAMILY = "1,2";
				TEST_TARGET_NAME = TrademeTest;
			};
			name = Release;
		};
/* End XCBuildConfiguration section */

/* Begin XCConfigurationList section */
		8F8253572E8D132D007FD36D /* Build configuration list for PBXProject "TrademeTest" */ = {
			isa = XCConfigurationList;
			buildConfigurations = (
				8F82537B2E8D1332007FD36D /* Debug */,
				8F82537C2E8D1332007FD36D /* Release */,
			);
			defaultConfigurationIsVisible = 0;
			defaultConfigurationName = Release;
		};
		8F82537D2E8D1332007FD36D /* Build configuration list for PBXNativeTarget "TrademeTest" */ = {
			isa = XCConfigurationList;
			buildConfigurations = (
				8F82537E2E8D1332007FD36D /* Debug */,
				8F82537F2E8D1332007FD36D /* Release */,
			);
			defaultConfigurationIsVisible = 0;
			defaultConfigurationName = Release;
		};
		8F8253802E8D1332007FD36D /* Build configuration list for PBXNativeTarget "TrademeTestTests" */ = {
			isa = XCConfigurationList;
			buildConfigurations = (
				8F8253812E8D1332007FD36D /* Debug */,
				8F8253822E8D1332007FD36D /* Release */,
			);
			defaultConfigurationIsVisible = 0;
			defaultConfigurationName = Release;
		};
		8F8253832E8D1332007FD36D /* Build configuration list for PBXNativeTarget "TrademeTestUITests" */ = {
			isa = XCConfigurationList;
			buildConfigurations = (
				8F8253842E8D1332007FD36D /* Debug */,
				8F8253852E8D1332007FD36D /* Release */,
			);
			defaultConfigurationIsVisible = 0;
			defaultConfigurationName = Release;
		};
/* End XCConfigurationList section */

/* Begin XCSwiftPackageProductDependency section */
		8F82538A2E8D398C007FD36D /* Listings */ = {
			isa = XCSwiftPackageProductDependency;
			productName = Listings;
		};
		8F82538D2E8D3F5F007FD36D /* Networking */ = {
			isa = XCSwiftPackageProductDependency;
			productName = Networking;
		};
		8F925BDB2E912832008AB693 /* Styleguide */ = {
			isa = XCSwiftPackageProductDependency;
			productName = Styleguide;
		};
/* End XCSwiftPackageProductDependency section */
	};
	rootObject = 8F8253542E8D132D007FD36D /* Project object */;
}
